// !$*UTF8*$!
{
	archiveVersion = 1;
	classes = {
	};
	objectVersion = 48;
	objects = {

/* Begin PBXBuildFile section */
		3020C5F3234749E30009117B /* SelectSort.m in Sources */ = {isa = PBXBuildFile; fileRef = 3020C5F2234749E30009117B /* SelectSort.m */; };
		3020C5F623474BCA0009117B /* InsertSort.m in Sources */ = {isa = PBXBuildFile; fileRef = 3020C5F523474BCA0009117B /* InsertSort.m */; };
		3021D45C2348355D007EDB4C /* Fibonacci.m in Sources */ = {isa = PBXBuildFile; fileRef = 3021D45B2348355D007EDB4C /* Fibonacci.m */; };
		302C5A062345DAA500962CCD /* MergeSort.m in Sources */ = {isa = PBXBuildFile; fileRef = 302C5A052345DAA500962CCD /* MergeSort.m */; };
		302CF1D82342328000277761 /* main.m in Sources */ = {isa = PBXBuildFile; fileRef = 302CF1D72342328000277761 /* main.m */; };
		302CF1F32342346C00277761 /* ReplaceBlank.m in Sources */ = {isa = PBXBuildFile; fileRef = 302CF1F22342346C00277761 /* ReplaceBlank.m */; };
		302CF1F6234234C400277761 /* FindNumIn2DArray.m in Sources */ = {isa = PBXBuildFile; fileRef = 302CF1F5234234C400277761 /* FindNumIn2DArray.m */; };
		30315AFD234433C40001ABEB /* QuickSort.m in Sources */ = {isa = PBXBuildFile; fileRef = 30315AFC234433C40001ABEB /* QuickSort.m */; };
		30315B002344F17C0001ABEB /* HeapSort.m in Sources */ = {isa = PBXBuildFile; fileRef = 30315AFF2344F17C0001ABEB /* HeapSort.m */; };
		3032ACE22342D55A0033098C /* DJStack.m in Sources */ = {isa = PBXBuildFile; fileRef = 3032ACE12342D55A0033098C /* DJStack.m */; };
		3032ACE52342D9E20033098C /* PrintListFromTail.m in Sources */ = {isa = PBXBuildFile; fileRef = 3032ACE42342D9E20033098C /* PrintListFromTail.m */; };
		3032ACE92342E4440033098C /* PreInOrderRebuildBinaryTree.m in Sources */ = {isa = PBXBuildFile; fileRef = 3032ACE82342E4440033098C /* PreInOrderRebuildBinaryTree.m */; };
		3032ACEC23433E7C0033098C /* DJQueue.m in Sources */ = {isa = PBXBuildFile; fileRef = 3032ACEB23433E7C0033098C /* DJQueue.m */; };
		303BA707234B38530060E7C5 /* BinaryDigitalCount.m in Sources */ = {isa = PBXBuildFile; fileRef = 303BA706234B38530060E7C5 /* BinaryDigitalCount.m */; };
		303BA70A234B7C6E0060E7C5 /* DeleteListNodeInConstantTime.m in Sources */ = {isa = PBXBuildFile; fileRef = 303BA709234B7C6E0060E7C5 /* DeleteListNodeInConstantTime.m */; };
		43339EF4234C6B3B005DF1FE /* ReorderOddEven.m in Sources */ = {isa = PBXBuildFile; fileRef = 43339EF3234C6B3B005DF1FE /* ReorderOddEven.m */; };
		43339EF7234C7CC1005DF1FE /* OutputKthNodeToTail.m in Sources */ = {isa = PBXBuildFile; fileRef = 43339EF6234C7CC1005DF1FE /* OutputKthNodeToTail.m */; };
		43339EFA234C8888005DF1FE /* ReverseList.m in Sources */ = {isa = PBXBuildFile; fileRef = 43339EF9234C8888005DF1FE /* ReverseList.m */; };
/* End PBXBuildFile section */

/* Begin PBXCopyFilesBuildPhase section */
		302CF1D22342328000277761 /* CopyFiles */ = {
			isa = PBXCopyFilesBuildPhase;
			buildActionMask = 2147483647;
			dstPath = /usr/share/man/man1/;
			dstSubfolderSpec = 0;
			files = (
			);
			runOnlyForDeploymentPostprocessing = 1;
		};
/* End PBXCopyFilesBuildPhase section */

/* Begin PBXFileReference section */
		3020C5F1234749E30009117B /* SelectSort.h */ = {isa = PBXFileReference; lastKnownFileType = sourcecode.c.h; path = SelectSort.h; sourceTree = "<group>"; };
		3020C5F2234749E30009117B /* SelectSort.m */ = {isa = PBXFileReference; lastKnownFileType = sourcecode.c.objc; path = SelectSort.m; sourceTree = "<group>"; };
		3020C5F423474BCA0009117B /* InsertSort.h */ = {isa = PBXFileReference; lastKnownFileType = sourcecode.c.h; path = InsertSort.h; sourceTree = "<group>"; };
		3020C5F523474BCA0009117B /* InsertSort.m */ = {isa = PBXFileReference; lastKnownFileType = sourcecode.c.objc; path = InsertSort.m; sourceTree = "<group>"; };
		3021D45A2348355D007EDB4C /* Fibonacci.h */ = {isa = PBXFileReference; lastKnownFileType = sourcecode.c.h; path = Fibonacci.h; sourceTree = "<group>"; };
		3021D45B2348355D007EDB4C /* Fibonacci.m */ = {isa = PBXFileReference; lastKnownFileType = sourcecode.c.objc; path = Fibonacci.m; sourceTree = "<group>"; };
		302C5A042345DAA500962CCD /* MergeSort.h */ = {isa = PBXFileReference; lastKnownFileType = sourcecode.c.h; path = MergeSort.h; sourceTree = "<group>"; };
		302C5A052345DAA500962CCD /* MergeSort.m */ = {isa = PBXFileReference; lastKnownFileType = sourcecode.c.objc; path = MergeSort.m; sourceTree = "<group>"; };
		302CF1D42342328000277761 /* MyStudy */ = {isa = PBXFileReference; explicitFileType = "compiled.mach-o.executable"; includeInIndex = 0; path = MyStudy; sourceTree = BUILT_PRODUCTS_DIR; };
		302CF1D72342328000277761 /* main.m */ = {isa = PBXFileReference; lastKnownFileType = sourcecode.c.objc; path = main.m; sourceTree = "<group>"; };
		302CF1F12342346C00277761 /* ReplaceBlank.h */ = {isa = PBXFileReference; lastKnownFileType = sourcecode.c.h; path = ReplaceBlank.h; sourceTree = "<group>"; };
		302CF1F22342346C00277761 /* ReplaceBlank.m */ = {isa = PBXFileReference; lastKnownFileType = sourcecode.c.objc; path = ReplaceBlank.m; sourceTree = "<group>"; };
		302CF1F4234234C400277761 /* FindNumIn2DArray.h */ = {isa = PBXFileReference; lastKnownFileType = sourcecode.c.h; path = FindNumIn2DArray.h; sourceTree = "<group>"; };
		302CF1F5234234C400277761 /* FindNumIn2DArray.m */ = {isa = PBXFileReference; lastKnownFileType = sourcecode.c.objc; path = FindNumIn2DArray.m; sourceTree = "<group>"; };
		30315AFB234433C40001ABEB /* QuickSort.h */ = {isa = PBXFileReference; lastKnownFileType = sourcecode.c.h; path = QuickSort.h; sourceTree = "<group>"; };
		30315AFC234433C40001ABEB /* QuickSort.m */ = {isa = PBXFileReference; lastKnownFileType = sourcecode.c.objc; path = QuickSort.m; sourceTree = "<group>"; };
		30315AFE2344F17C0001ABEB /* HeapSort.h */ = {isa = PBXFileReference; lastKnownFileType = sourcecode.c.h; path = HeapSort.h; sourceTree = "<group>"; };
		30315AFF2344F17C0001ABEB /* HeapSort.m */ = {isa = PBXFileReference; lastKnownFileType = sourcecode.c.objc; path = HeapSort.m; sourceTree = "<group>"; };
		3032ACE02342D55A0033098C /* DJStack.h */ = {isa = PBXFileReference; lastKnownFileType = sourcecode.c.h; path = DJStack.h; sourceTree = "<group>"; };
		3032ACE12342D55A0033098C /* DJStack.m */ = {isa = PBXFileReference; lastKnownFileType = sourcecode.c.objc; path = DJStack.m; sourceTree = "<group>"; };
		3032ACE32342D9E20033098C /* PrintListFromTail.h */ = {isa = PBXFileReference; lastKnownFileType = sourcecode.c.h; path = PrintListFromTail.h; sourceTree = "<group>"; };
		3032ACE42342D9E20033098C /* PrintListFromTail.m */ = {isa = PBXFileReference; lastKnownFileType = sourcecode.c.objc; path = PrintListFromTail.m; sourceTree = "<group>"; };
		3032ACE62342DA570033098C /* StructureDefine.h */ = {isa = PBXFileReference; lastKnownFileType = sourcecode.c.h; path = StructureDefine.h; sourceTree = "<group>"; };
		3032ACE72342E4440033098C /* PreInOrderRebuildBinaryTree.h */ = {isa = PBXFileReference; lastKnownFileType = sourcecode.c.h; path = PreInOrderRebuildBinaryTree.h; sourceTree = "<group>"; };
		3032ACE82342E4440033098C /* PreInOrderRebuildBinaryTree.m */ = {isa = PBXFileReference; lastKnownFileType = sourcecode.c.objc; path = PreInOrderRebuildBinaryTree.m; sourceTree = "<group>"; };
		3032ACEA23433E7C0033098C /* DJQueue.h */ = {isa = PBXFileReference; lastKnownFileType = sourcecode.c.h; path = DJQueue.h; sourceTree = "<group>"; };
		3032ACEB23433E7C0033098C /* DJQueue.m */ = {isa = PBXFileReference; lastKnownFileType = sourcecode.c.objc; path = DJQueue.m; sourceTree = "<group>"; };
		303BA705234B38530060E7C5 /* BinaryDigitalCount.h */ = {isa = PBXFileReference; lastKnownFileType = sourcecode.c.h; path = BinaryDigitalCount.h; sourceTree = "<group>"; };
		303BA706234B38530060E7C5 /* BinaryDigitalCount.m */ = {isa = PBXFileReference; lastKnownFileType = sourcecode.c.objc; path = BinaryDigitalCount.m; sourceTree = "<group>"; };
		303BA708234B7C6E0060E7C5 /* DeleteListNodeInConstantTime.h */ = {isa = PBXFileReference; lastKnownFileType = sourcecode.c.h; path = DeleteListNodeInConstantTime.h; sourceTree = "<group>"; };
		303BA709234B7C6E0060E7C5 /* DeleteListNodeInConstantTime.m */ = {isa = PBXFileReference; lastKnownFileType = sourcecode.c.objc; path = DeleteListNodeInConstantTime.m; sourceTree = "<group>"; };
		43339EF2234C6B3B005DF1FE /* ReorderOddEven.h */ = {isa = PBXFileReference; lastKnownFileType = sourcecode.c.h; path = ReorderOddEven.h; sourceTree = "<group>"; };
		43339EF3234C6B3B005DF1FE /* ReorderOddEven.m */ = {isa = PBXFileReference; lastKnownFileType = sourcecode.c.objc; path = ReorderOddEven.m; sourceTree = "<group>"; };
		43339EF5234C7CC1005DF1FE /* OutputKthNodeToTail.h */ = {isa = PBXFileReference; lastKnownFileType = sourcecode.c.h; path = OutputKthNodeToTail.h; sourceTree = "<group>"; };
		43339EF6234C7CC1005DF1FE /* OutputKthNodeToTail.m */ = {isa = PBXFileReference; lastKnownFileType = sourcecode.c.objc; path = OutputKthNodeToTail.m; sourceTree = "<group>"; };
		43339EF8234C8888005DF1FE /* ReverseList.h */ = {isa = PBXFileReference; lastKnownFileType = sourcecode.c.h; path = ReverseList.h; sourceTree = "<group>"; };
		43339EF9234C8888005DF1FE /* ReverseList.m */ = {isa = PBXFileReference; lastKnownFileType = sourcecode.c.objc; path = ReverseList.m; sourceTree = "<group>"; };
/* End PBXFileReference section */

/* Begin PBXFrameworksBuildPhase section */
		302CF1D12342328000277761 /* Frameworks */ = {
			isa = PBXFrameworksBuildPhase;
			buildActionMask = 2147483647;
			files = (
			);
			runOnlyForDeploymentPostprocessing = 0;
		};
/* End PBXFrameworksBuildPhase section */

/* Begin PBXGroup section */
		302CF1CB2342327F00277761 = {
			isa = PBXGroup;
			children = (
				302CF1D62342328000277761 /* MyStudy */,
				302CF1D52342328000277761 /* Products */,
			);
			sourceTree = "<group>";
		};
		302CF1D52342328000277761 /* Products */ = {
			isa = PBXGroup;
			children = (
				302CF1D42342328000277761 /* MyStudy */,
			);
			name = Products;
			sourceTree = "<group>";
		};
		302CF1D62342328000277761 /* MyStudy */ = {
			isa = PBXGroup;
			children = (
				302CF1E82342343800277761 /* Arithmatic */,
				302CF1E92342343800277761 /* CommonTools */,
				302CF1EE2342343800277761 /* DataStucture */,
				302CF1D72342328000277761 /* main.m */,
			);
			path = MyStudy;
			sourceTree = "<group>";
		};
		302CF1E82342343800277761 /* Arithmatic */ = {
			isa = PBXGroup;
			children = (
				302CF1F4234234C400277761 /* FindNumIn2DArray.h */,
				302CF1F5234234C400277761 /* FindNumIn2DArray.m */,
				302CF1F12342346C00277761 /* ReplaceBlank.h */,
				302CF1F22342346C00277761 /* ReplaceBlank.m */,
				30315AFB234433C40001ABEB /* QuickSort.h */,
				30315AFC234433C40001ABEB /* QuickSort.m */,
				30315AFE2344F17C0001ABEB /* HeapSort.h */,
				30315AFF2344F17C0001ABEB /* HeapSort.m */,
				302C5A042345DAA500962CCD /* MergeSort.h */,
				302C5A052345DAA500962CCD /* MergeSort.m */,
				3020C5F1234749E30009117B /* SelectSort.h */,
				3020C5F2234749E30009117B /* SelectSort.m */,
				3020C5F423474BCA0009117B /* InsertSort.h */,
				3020C5F523474BCA0009117B /* InsertSort.m */,
				3021D45A2348355D007EDB4C /* Fibonacci.h */,
				3021D45B2348355D007EDB4C /* Fibonacci.m */,
				303BA705234B38530060E7C5 /* BinaryDigitalCount.h */,
				303BA706234B38530060E7C5 /* BinaryDigitalCount.m */,
				303BA708234B7C6E0060E7C5 /* DeleteListNodeInConstantTime.h */,
				303BA709234B7C6E0060E7C5 /* DeleteListNodeInConstantTime.m */,
				43339EF2234C6B3B005DF1FE /* ReorderOddEven.h */,
				43339EF3234C6B3B005DF1FE /* ReorderOddEven.m */,
				43339EF5234C7CC1005DF1FE /* OutputKthNodeToTail.h */,
				43339EF6234C7CC1005DF1FE /* OutputKthNodeToTail.m */,
				43339EF8234C8888005DF1FE /* ReverseList.h */,
				43339EF9234C8888005DF1FE /* ReverseList.m */,
			);
			path = Arithmatic;
			sourceTree = "<group>";
		};
		302CF1E92342343800277761 /* CommonTools */ = {
			isa = PBXGroup;
			children = (
				3032ACE62342DA570033098C /* StructureDefine.h */,
				3032ACE02342D55A0033098C /* DJStack.h */,
				3032ACE12342D55A0033098C /* DJStack.m */,
				3032ACEA23433E7C0033098C /* DJQueue.h */,
				3032ACEB23433E7C0033098C /* DJQueue.m */,
			);
			path = CommonTools;
			sourceTree = "<group>";
		};
		302CF1EE2342343800277761 /* DataStucture */ = {
			isa = PBXGroup;
			children = (
				3032ACE32342D9E20033098C /* PrintListFromTail.h */,
				3032ACE42342D9E20033098C /* PrintListFromTail.m */,
				3032ACE72342E4440033098C /* PreInOrderRebuildBinaryTree.h */,
				3032ACE82342E4440033098C /* PreInOrderRebuildBinaryTree.m */,
			);
			path = DataStucture;
			sourceTree = "<group>";
		};
/* End PBXGroup section */

/* Begin PBXNativeTarget section */
		302CF1D32342328000277761 /* MyStudy */ = {
			isa = PBXNativeTarget;
			buildConfigurationList = 302CF1DB2342328000277761 /* Build configuration list for PBXNativeTarget "MyStudy" */;
			buildPhases = (
				302CF1D02342328000277761 /* Sources */,
				302CF1D12342328000277761 /* Frameworks */,
				302CF1D22342328000277761 /* CopyFiles */,
			);
			buildRules = (
			);
			dependencies = (
			);
			name = MyStudy;
			productName = MyStudy;
			productReference = 302CF1D42342328000277761 /* MyStudy */;
			productType = "com.apple.product-type.tool";
		};
/* End PBXNativeTarget section */

/* Begin PBXProject section */
		302CF1CC2342327F00277761 /* Project object */ = {
			isa = PBXProject;
			attributes = {
				LastUpgradeCheck = 0920;
				ORGANIZATIONNAME = jolin;
				TargetAttributes = {
					302CF1D32342328000277761 = {
						CreatedOnToolsVersion = 9.2;
						ProvisioningStyle = Automatic;
					};
				};
			};
			buildConfigurationList = 302CF1CF2342327F00277761 /* Build configuration list for PBXProject "MyStudy" */;
			compatibilityVersion = "Xcode 8.0";
			developmentRegion = en;
			hasScannedForEncodings = 0;
			knownRegions = (
				en,
			);
			mainGroup = 302CF1CB2342327F00277761;
			productRefGroup = 302CF1D52342328000277761 /* Products */;
			projectDirPath = "";
			projectRoot = "";
			targets = (
				302CF1D32342328000277761 /* MyStudy */,
			);
		};
/* End PBXProject section */

/* Begin PBXSourcesBuildPhase section */
		302CF1D02342328000277761 /* Sources */ = {
			isa = PBXSourcesBuildPhase;
			buildActionMask = 2147483647;
			files = (
				303BA70A234B7C6E0060E7C5 /* DeleteListNodeInConstantTime.m in Sources */,
				3021D45C2348355D007EDB4C /* Fibonacci.m in Sources */,
				302C5A062345DAA500962CCD /* MergeSort.m in Sources */,
				43339EF4234C6B3B005DF1FE /* ReorderOddEven.m in Sources */,
				3032ACE92342E4440033098C /* PreInOrderRebuildBinaryTree.m in Sources */,
				3032ACE22342D55A0033098C /* DJStack.m in Sources */,
				302CF1F6234234C400277761 /* FindNumIn2DArray.m in Sources */,
				3020C5F623474BCA0009117B /* InsertSort.m in Sources */,
				3020C5F3234749E30009117B /* SelectSort.m in Sources */,
				303BA707234B38530060E7C5 /* BinaryDigitalCount.m in Sources */,
				30315B002344F17C0001ABEB /* HeapSort.m in Sources */,
				30315AFD234433C40001ABEB /* QuickSort.m in Sources */,
				302CF1F32342346C00277761 /* ReplaceBlank.m in Sources */,
				302CF1D82342328000277761 /* main.m in Sources */,
				43339EFA234C8888005DF1FE /* ReverseList.m in Sources */,
				3032ACEC23433E7C0033098C /* DJQueue.m in Sources */,
				3032ACE52342D9E20033098C /* PrintListFromTail.m in Sources */,
				43339EF7234C7CC1005DF1FE /* OutputKthNodeToTail.m in Sources */,
			);
			runOnlyForDeploymentPostprocessing = 0;
		};
/* End PBXSourcesBuildPhase section */

/* Begin XCBuildConfiguration section */
		302CF1D92342328000277761 /* Debug */ = {
			isa = XCBuildConfiguration;
			buildSettings = {
				ALWAYS_SEARCH_USER_PATHS = NO;
				CLANG_ANALYZER_NONNULL = YES;
				CLANG_ANALYZER_NUMBER_OBJECT_CONVERSION = YES_AGGRESSIVE;
				CLANG_CXX_LANGUAGE_STANDARD = "gnu++14";
				CLANG_CXX_LIBRARY = "libc++";
				CLANG_ENABLE_MODULES = YES;
				CLANG_ENABLE_OBJC_ARC = YES;
				CLANG_WARN_BLOCK_CAPTURE_AUTORELEASING = YES;
				CLANG_WARN_BOOL_CONVERSION = YES;
				CLANG_WARN_COMMA = YES;
				CLANG_WARN_CONSTANT_CONVERSION = YES;
				CLANG_WARN_DIRECT_OBJC_ISA_USAGE = YES_ERROR;
				CLANG_WARN_DOCUMENTATION_COMMENTS = YES;
				CLANG_WARN_EMPTY_BODY = YES;
				CLANG_WARN_ENUM_CONVERSION = YES;
				CLANG_WARN_INFINITE_RECURSION = YES;
				CLANG_WARN_INT_CONVERSION = YES;
				CLANG_WARN_NON_LITERAL_NULL_CONVERSION = YES;
				CLANG_WARN_OBJC_LITERAL_CONVERSION = YES;
				CLANG_WARN_OBJC_ROOT_CLASS = YES_ERROR;
				CLANG_WARN_RANGE_LOOP_ANALYSIS = YES;
				CLANG_WARN_STRICT_PROTOTYPES = YES;
				CLANG_WARN_SUSPICIOUS_MOVE = YES;
				CLANG_WARN_UNGUARDED_AVAILABILITY = YES_AGGRESSIVE;
				CLANG_WARN_UNREACHABLE_CODE = YES;
				CLANG_WARN__DUPLICATE_METHOD_MATCH = YES;
				CODE_SIGN_IDENTITY = "Mac Developer";
				COPY_PHASE_STRIP = NO;
				DEBUG_INFORMATION_FORMAT = dwarf;
				ENABLE_STRICT_OBJC_MSGSEND = YES;
				ENABLE_TESTABILITY = YES;
				GCC_C_LANGUAGE_STANDARD = gnu11;
				GCC_DYNAMIC_NO_PIC = NO;
				GCC_NO_COMMON_BLOCKS = YES;
				GCC_OPTIMIZATION_LEVEL = 0;
				GCC_PREPROCESSOR_DEFINITIONS = (
					"DEBUG=1",
					"$(inherited)",
				);
				GCC_WARN_64_TO_32_BIT_CONVERSION = YES;
				GCC_WARN_ABOUT_RETURN_TYPE = YES_ERROR;
				GCC_WARN_UNDECLARED_SELECTOR = YES;
				GCC_WARN_UNINITIALIZED_AUTOS = YES_AGGRESSIVE;
				GCC_WARN_UNUSED_FUNCTION = YES;
				GCC_WARN_UNUSED_VARIABLE = YES;
				MACOSX_DEPLOYMENT_TARGET = 10.12;
				MTL_ENABLE_DEBUG_INFO = YES;
				ONLY_ACTIVE_ARCH = YES;
				SDKROOT = macosx;
			};
			name = Debug;
		};
		302CF1DA2342328000277761 /* Release */ = {
			isa = XCBuildConfiguration;
			buildSettings = {
				ALWAYS_SEARCH_USER_PATHS = NO;
				CLANG_ANALYZER_NONNULL = YES;
				CLANG_ANALYZER_NUMBER_OBJECT_CONVERSION = YES_AGGRESSIVE;
				CLANG_CXX_LANGUAGE_STANDARD = "gnu++14";
				CLANG_CXX_LIBRARY = "libc++";
				CLANG_ENABLE_MODULES = YES;
				CLANG_ENABLE_OBJC_ARC = YES;
				CLANG_WARN_BLOCK_CAPTURE_AUTORELEASING = YES;
				CLANG_WARN_BOOL_CONVERSION = YES;
				CLANG_WARN_COMMA = YES;
				CLANG_WARN_CONSTANT_CONVERSION = YES;
				CLANG_WARN_DIRECT_OBJC_ISA_USAGE = YES_ERROR;
				CLANG_WARN_DOCUMENTATION_COMMENTS = YES;
				CLANG_WARN_EMPTY_BODY = YES;
				CLANG_WARN_ENUM_CONVERSION = YES;
				CLANG_WARN_INFINITE_RECURSION = YES;
				CLANG_WARN_INT_CONVERSION = YES;
				CLANG_WARN_NON_LITERAL_NULL_CONVERSION = YES;
				CLANG_WARN_OBJC_LITERAL_CONVERSION = YES;
				CLANG_WARN_OBJC_ROOT_CLASS = YES_ERROR;
				CLANG_WARN_RANGE_LOOP_ANALYSIS = YES;
				CLANG_WARN_STRICT_PROTOTYPES = YES;
				CLANG_WARN_SUSPICIOUS_MOVE = YES;
				CLANG_WARN_UNGUARDED_AVAILABILITY = YES_AGGRESSIVE;
				CLANG_WARN_UNREACHABLE_CODE = YES;
				CLANG_WARN__DUPLICATE_METHOD_MATCH = YES;
				CODE_SIGN_IDENTITY = "Mac Developer";
				COPY_PHASE_STRIP = NO;
				DEBUG_INFORMATION_FORMAT = "dwarf-with-dsym";
				ENABLE_NS_ASSERTIONS = NO;
				ENABLE_STRICT_OBJC_MSGSEND = YES;
				GCC_C_LANGUAGE_STANDARD = gnu11;
				GCC_NO_COMMON_BLOCKS = YES;
				GCC_WARN_64_TO_32_BIT_CONVERSION = YES;
				GCC_WARN_ABOUT_RETURN_TYPE = YES_ERROR;
				GCC_WARN_UNDECLARED_SELECTOR = YES;
				GCC_WARN_UNINITIALIZED_AUTOS = YES_AGGRESSIVE;
				GCC_WARN_UNUSED_FUNCTION = YES;
				GCC_WARN_UNUSED_VARIABLE = YES;
				MACOSX_DEPLOYMENT_TARGET = 10.12;
				MTL_ENABLE_DEBUG_INFO = NO;
				SDKROOT = macosx;
			};
			name = Release;
		};
		302CF1DC2342328000277761 /* Debug */ = {
			isa = XCBuildConfiguration;
			buildSettings = {
				CODE_SIGN_IDENTITY = "-";
				CODE_SIGN_STYLE = Automatic;
				DEVELOPMENT_TEAM = "";
				GCC_WARN_UNUSED_VARIABLE = NO;
				PRODUCT_NAME = "$(TARGET_NAME)";
			};
			name = Debug;
		};
		302CF1DD2342328000277761 /* Release */ = {
			isa = XCBuildConfiguration;
			buildSettings = {
				CODE_SIGN_IDENTITY = "-";
				CODE_SIGN_STYLE = Automatic;
				DEVELOPMENT_TEAM = "";
				GCC_WARN_UNUSED_VARIABLE = NO;
				PRODUCT_NAME = "$(TARGET_NAME)";
			};
			name = Release;
		};
/* End XCBuildConfiguration section */

/* Begin XCConfigurationList section */
		302CF1CF2342327F00277761 /* Build configuration list for PBXProject "MyStudy" */ = {
			isa = XCConfigurationList;
			buildConfigurations = (
				302CF1D92342328000277761 /* Debug */,
				302CF1DA2342328000277761 /* Release */,
			);
			defaultConfigurationIsVisible = 0;
			defaultConfigurationName = Release;
		};
		302CF1DB2342328000277761 /* Build configuration list for PBXNativeTarget "MyStudy" */ = {
			isa = XCConfigurationList;
			buildConfigurations = (
				302CF1DC2342328000277761 /* Debug */,
				302CF1DD2342328000277761 /* Release */,
			);
			defaultConfigurationIsVisible = 0;
			defaultConfigurationName = Release;
		};
/* End XCConfigurationList section */
	};
	rootObject = 302CF1CC2342327F00277761 /* Project object */;
}
