// !$*UTF8*$!
{
	archiveVersion = 1;
	classes = {
	};
	objectVersion = 48;
	objects = {

/* Begin PBXBuildFile section */
		3020C5F3234749E30009117B /* SelectSort.m in Sources */ = {isa = PBXBuildFile; fileRef = 3020C5F2234749E30009117B /* SelectSort.m */; };
		3020C5F623474BCA0009117B /* InsertSort.m in Sources */ = {isa = PBXBuildFile; fileRef = 3020C5F523474BCA0009117B /* InsertSort.m */; };
		3021D45C2348355D007EDB4C /* Fibonacci.m in Sources */ = {isa = PBXBuildFile; fileRef = 3021D45B2348355D007EDB4C /* Fibonacci.m */; };
		30286462235AE60B00593A13 /* HasPathInMatrix.m in Sources */ = {isa = PBXBuildFile; fileRef = 30286461235AE60B00593A13 /* HasPathInMatrix.m */; };
		3028646D235B1DC800593A13 /* DuplicateNumInArray.m in Sources */ = {isa = PBXBuildFile; fileRef = 3028646C235B1DC800593A13 /* DuplicateNumInArray.m */; };
		302C5A062345DAA500962CCD /* MergeSort.m in Sources */ = {isa = PBXBuildFile; fileRef = 302C5A052345DAA500962CCD /* MergeSort.m */; };
		302CF1D82342328000277761 /* main.m in Sources */ = {isa = PBXBuildFile; fileRef = 302CF1D72342328000277761 /* main.m */; };
		302CF1F32342346C00277761 /* ReplaceBlank.m in Sources */ = {isa = PBXBuildFile; fileRef = 302CF1F22342346C00277761 /* ReplaceBlank.m */; };
		302CF1F6234234C400277761 /* FindNumIn2DArray.m in Sources */ = {isa = PBXBuildFile; fileRef = 302CF1F5234234C400277761 /* FindNumIn2DArray.m */; };
		302FE691235BF10600B3C7D4 /* DJHashMap.m in Sources */ = {isa = PBXBuildFile; fileRef = 302FE690235BF10600B3C7D4 /* DJHashMap.m */; };
		30315AFD234433C40001ABEB /* QuickSort.m in Sources */ = {isa = PBXBuildFile; fileRef = 30315AFC234433C40001ABEB /* QuickSort.m */; };
		30315B002344F17C0001ABEB /* HeapSort.m in Sources */ = {isa = PBXBuildFile; fileRef = 30315AFF2344F17C0001ABEB /* HeapSort.m */; };
		3032ACE22342D55A0033098C /* DJStack.m in Sources */ = {isa = PBXBuildFile; fileRef = 3032ACE12342D55A0033098C /* DJStack.m */; };
		3032ACE52342D9E20033098C /* PrintListFromTail.m in Sources */ = {isa = PBXBuildFile; fileRef = 3032ACE42342D9E20033098C /* PrintListFromTail.m */; };
		3032ACE92342E4440033098C /* PreInOrderRebuildBinaryTree.m in Sources */ = {isa = PBXBuildFile; fileRef = 3032ACE82342E4440033098C /* PreInOrderRebuildBinaryTree.m */; };
		3032ACEC23433E7C0033098C /* DJQueue.m in Sources */ = {isa = PBXBuildFile; fileRef = 3032ACEB23433E7C0033098C /* DJQueue.m */; };
		303933C6236EAAED000A5029 /* CyclePositionInList.m in Sources */ = {isa = PBXBuildFile; fileRef = 303933C5236EAAED000A5029 /* CyclePositionInList.m */; };
		303AB710236421D1005495F1 /* CutRopeForGreatestProduct.m in Sources */ = {isa = PBXBuildFile; fileRef = 303AB70F236421D1005495F1 /* CutRopeForGreatestProduct.m */; };
		303BA707234B38530060E7C5 /* BinaryDigitalCount.m in Sources */ = {isa = PBXBuildFile; fileRef = 303BA706234B38530060E7C5 /* BinaryDigitalCount.m */; };
		303BA70A234B7C6E0060E7C5 /* DeleteListNodeInConstantTime.m in Sources */ = {isa = PBXBuildFile; fileRef = 303BA709234B7C6E0060E7C5 /* DeleteListNodeInConstantTime.m */; };
		3041D8AF2422E343008003F7 /* No4_medianOfTwoSortedArray.m in Sources */ = {isa = PBXBuildFile; fileRef = 3041D8AE2422E343008003F7 /* No4_medianOfTwoSortedArray.m */; };
		3049E72423632C8800411CE8 /* CountSort.m in Sources */ = {isa = PBXBuildFile; fileRef = 3049E72323632C8800411CE8 /* CountSort.m */; };
		304C84B72475711E00396841 /* FindKthNumInArray.m in Sources */ = {isa = PBXBuildFile; fileRef = 304C84B62475711E00396841 /* FindKthNumInArray.m */; };
		305B68E82487D08F00CF4D5E /* FindLowestCommonAncestor.m in Sources */ = {isa = PBXBuildFile; fileRef = 305B68E72487D08F00CF4D5E /* FindLowestCommonAncestor.m */; };
		307671072560BD2E00B3BE56 /* No5_LongestPalindromicSubstring.m in Sources */ = {isa = PBXBuildFile; fileRef = 307671062560BD2E00B3BE56 /* No5_LongestPalindromicSubstring.m */; };
		309409A325673C93005C21FD /* No8_StringToInteger.m in Sources */ = {isa = PBXBuildFile; fileRef = 309409A225673C93005C21FD /* No8_StringToInteger.m */; };
		309D416B257BD3600022015A /* FindLongestRepeatedSubString.m in Sources */ = {isa = PBXBuildFile; fileRef = 309D416A257BD3600022015A /* FindLongestRepeatedSubString.m */; };
		30CDCB95235DDEA000730607 /* NextNodeInBinaryTree.m in Sources */ = {isa = PBXBuildFile; fileRef = 30CDCB94235DDEA000730607 /* NextNodeInBinaryTree.m */; };
		4332F7E62370153F0080D998 /* FindFirstCommonNode.m in Sources */ = {isa = PBXBuildFile; fileRef = 4332F7E52370153F0080D998 /* FindFirstCommonNode.m */; };
		43339EF4234C6B3B005DF1FE /* ReorderOddEven.m in Sources */ = {isa = PBXBuildFile; fileRef = 43339EF3234C6B3B005DF1FE /* ReorderOddEven.m */; };
		43339EF7234C7CC1005DF1FE /* OutputKthNodeToTail.m in Sources */ = {isa = PBXBuildFile; fileRef = 43339EF6234C7CC1005DF1FE /* OutputKthNodeToTail.m */; };
		43339EFA234C8888005DF1FE /* ReverseList.m in Sources */ = {isa = PBXBuildFile; fileRef = 43339EF9234C8888005DF1FE /* ReverseList.m */; };
		433FF33024F60BFF007629BB /* FindTreePathEqualToAnInteger.m in Sources */ = {isa = PBXBuildFile; fileRef = 433FF32F24F60BFF007629BB /* FindTreePathEqualToAnInteger.m */; };
		4349982D241F871200CB8D3B /* No7_reverseInteger.m in Sources */ = {isa = PBXBuildFile; fileRef = 4349982C241F871200CB8D3B /* No7_reverseInteger.m */; };
		436012EE2558D0C0006AC21D /* RepeatedSubStrPattern.m in Sources */ = {isa = PBXBuildFile; fileRef = 436012ED2558D0C0006AC21D /* RepeatedSubStrPattern.m */; };
		436101E123AA16A2007ED9BB /* IsSymmetryTree.m in Sources */ = {isa = PBXBuildFile; fileRef = 436101E023AA16A2007ED9BB /* IsSymmetryTree.m */; };
		4361D22D24237C2600FC9B6D /* No2_addTwoNumbers.m in Sources */ = {isa = PBXBuildFile; fileRef = 4361D22C24237C2600FC9B6D /* No2_addTwoNumbers.m */; };
		4361D231242386FA00FC9B6D /* StructureDefine.m in Sources */ = {isa = PBXBuildFile; fileRef = 4361D230242386FA00FC9B6D /* StructureDefine.m */; };
		43706E52242473E20055AF17 /* PrintDefine.m in Sources */ = {isa = PBXBuildFile; fileRef = 43706E51242473E20055AF17 /* PrintDefine.m */; };
		4385BBF924207B100082D834 /* No9_palindromicNumber.m in Sources */ = {isa = PBXBuildFile; fileRef = 4385BBF824207B100082D834 /* No9_palindromicNumber.m */; };
		4385BBFC242084CF0082D834 /* No26_deleteDuplicateInOrderedArray.m in Sources */ = {isa = PBXBuildFile; fileRef = 4385BBFB242084CF0082D834 /* No26_deleteDuplicateInOrderedArray.m */; };
		43935495255149DF00A40F52 /* FindMinNumInRotateArray.m in Sources */ = {isa = PBXBuildFile; fileRef = 43935494255149DF00A40F52 /* FindMinNumInRotateArray.m */; };
		43983149256FC7750050B920 /* No28_Implement_strStr.m in Sources */ = {isa = PBXBuildFile; fileRef = 43983148256FC7750050B920 /* No28_Implement_strStr.m */; };
		439A4A7F2574863300DDC225 /* FindLongestCommonSubString.m in Sources */ = {isa = PBXBuildFile; fileRef = 439A4A7E2574863300DDC225 /* FindLongestCommonSubString.m */; };
		439CC35E234DE72D00DDCC42 /* MergeTwoListToOne.m in Sources */ = {isa = PBXBuildFile; fileRef = 439CC35D234DE72D00DDCC42 /* MergeTwoListToOne.m */; };
		439CC361234EC9F900DDCC42 /* HasSubTree.m in Sources */ = {isa = PBXBuildFile; fileRef = 439CC360234EC9F900DDCC42 /* HasSubTree.m */; };
		439D822A244D848200A8DBC2 /* No3_findLongestSubStringWithoutRepeating.m in Sources */ = {isa = PBXBuildFile; fileRef = 439D8229244D848200A8DBC2 /* No3_findLongestSubStringWithoutRepeating.m */; };
		439E7D0625691A6D00A040A9 /* No14_LongestCommonPrefixInArray.m in Sources */ = {isa = PBXBuildFile; fileRef = 439E7D0525691A6D00A040A9 /* No14_LongestCommonPrefixInArray.m */; };
		43C5390E23507B0E0049445B /* MirrorOfBinaryTree.m in Sources */ = {isa = PBXBuildFile; fileRef = 43C5390D23507B0E0049445B /* MirrorOfBinaryTree.m */; };
		43C53911235167AC0049445B /* RemoveRepeatListNode.m in Sources */ = {isa = PBXBuildFile; fileRef = 43C53910235167AC0049445B /* RemoveRepeatListNode.m */; };
		43E5355624FA2CBE000DF579 /* RegexMatch.m in Sources */ = {isa = PBXBuildFile; fileRef = 43E5355524FA2CBE000DF579 /* RegexMatch.m */; };
/* End PBXBuildFile section */

/* Begin PBXCopyFilesBuildPhase section */
		302CF1D22342328000277761 /* CopyFiles */ = {
			isa = PBXCopyFilesBuildPhase;
			buildActionMask = 2147483647;
			dstPath = /usr/share/man/man1/;
			dstSubfolderSpec = 0;
			files = (
			);
			runOnlyForDeploymentPostprocessing = 1;
		};
/* End PBXCopyFilesBuildPhase section */

/* Begin PBXFileReference section */
		3020C5F1234749E30009117B /* SelectSort.h */ = {isa = PBXFileReference; lastKnownFileType = sourcecode.c.h; path = SelectSort.h; sourceTree = "<group>"; };
		3020C5F2234749E30009117B /* SelectSort.m */ = {isa = PBXFileReference; lastKnownFileType = sourcecode.c.objc; path = SelectSort.m; sourceTree = "<group>"; };
		3020C5F423474BCA0009117B /* InsertSort.h */ = {isa = PBXFileReference; lastKnownFileType = sourcecode.c.h; path = InsertSort.h; sourceTree = "<group>"; };
		3020C5F523474BCA0009117B /* InsertSort.m */ = {isa = PBXFileReference; lastKnownFileType = sourcecode.c.objc; path = InsertSort.m; sourceTree = "<group>"; };
		3021D45A2348355D007EDB4C /* Fibonacci.h */ = {isa = PBXFileReference; lastKnownFileType = sourcecode.c.h; path = Fibonacci.h; sourceTree = "<group>"; };
		3021D45B2348355D007EDB4C /* Fibonacci.m */ = {isa = PBXFileReference; lastKnownFileType = sourcecode.c.objc; path = Fibonacci.m; sourceTree = "<group>"; };
		30286460235AE60B00593A13 /* HasPathInMatrix.h */ = {isa = PBXFileReference; lastKnownFileType = sourcecode.c.h; path = HasPathInMatrix.h; sourceTree = "<group>"; };
		30286461235AE60B00593A13 /* HasPathInMatrix.m */ = {isa = PBXFileReference; lastKnownFileType = sourcecode.c.objc; path = HasPathInMatrix.m; sourceTree = "<group>"; };
		3028646B235B1DC800593A13 /* DuplicateNumInArray.h */ = {isa = PBXFileReference; lastKnownFileType = sourcecode.c.h; path = DuplicateNumInArray.h; sourceTree = "<group>"; };
		3028646C235B1DC800593A13 /* DuplicateNumInArray.m */ = {isa = PBXFileReference; lastKnownFileType = sourcecode.c.objc; path = DuplicateNumInArray.m; sourceTree = "<group>"; };
		302C5A042345DAA500962CCD /* MergeSort.h */ = {isa = PBXFileReference; lastKnownFileType = sourcecode.c.h; path = MergeSort.h; sourceTree = "<group>"; };
		302C5A052345DAA500962CCD /* MergeSort.m */ = {isa = PBXFileReference; lastKnownFileType = sourcecode.c.objc; path = MergeSort.m; sourceTree = "<group>"; };
		302CF1D42342328000277761 /* DataStructureStudy */ = {isa = PBXFileReference; explicitFileType = "compiled.mach-o.executable"; includeInIndex = 0; path = DataStructureStudy; sourceTree = BUILT_PRODUCTS_DIR; };
		302CF1D72342328000277761 /* main.m */ = {isa = PBXFileReference; lastKnownFileType = sourcecode.c.objc; path = main.m; sourceTree = "<group>"; };
		302CF1F12342346C00277761 /* ReplaceBlank.h */ = {isa = PBXFileReference; lastKnownFileType = sourcecode.c.h; path = ReplaceBlank.h; sourceTree = "<group>"; };
		302CF1F22342346C00277761 /* ReplaceBlank.m */ = {isa = PBXFileReference; lastKnownFileType = sourcecode.c.objc; path = ReplaceBlank.m; sourceTree = "<group>"; };
		302CF1F4234234C400277761 /* FindNumIn2DArray.h */ = {isa = PBXFileReference; lastKnownFileType = sourcecode.c.h; path = FindNumIn2DArray.h; sourceTree = "<group>"; };
		302CF1F5234234C400277761 /* FindNumIn2DArray.m */ = {isa = PBXFileReference; lastKnownFileType = sourcecode.c.objc; path = FindNumIn2DArray.m; sourceTree = "<group>"; };
		302FE68F235BF10600B3C7D4 /* DJHashMap.h */ = {isa = PBXFileReference; lastKnownFileType = sourcecode.c.h; path = DJHashMap.h; sourceTree = "<group>"; };
		302FE690235BF10600B3C7D4 /* DJHashMap.m */ = {isa = PBXFileReference; lastKnownFileType = sourcecode.c.objc; path = DJHashMap.m; sourceTree = "<group>"; };
		30315AFB234433C40001ABEB /* QuickSort.h */ = {isa = PBXFileReference; lastKnownFileType = sourcecode.c.h; path = QuickSort.h; sourceTree = "<group>"; };
		30315AFC234433C40001ABEB /* QuickSort.m */ = {isa = PBXFileReference; lastKnownFileType = sourcecode.c.objc; path = QuickSort.m; sourceTree = "<group>"; };
		30315AFE2344F17C0001ABEB /* HeapSort.h */ = {isa = PBXFileReference; lastKnownFileType = sourcecode.c.h; path = HeapSort.h; sourceTree = "<group>"; };
		30315AFF2344F17C0001ABEB /* HeapSort.m */ = {isa = PBXFileReference; lastKnownFileType = sourcecode.c.objc; path = HeapSort.m; sourceTree = "<group>"; };
		3032ACE02342D55A0033098C /* DJStack.h */ = {isa = PBXFileReference; lastKnownFileType = sourcecode.c.h; path = DJStack.h; sourceTree = "<group>"; };
		3032ACE12342D55A0033098C /* DJStack.m */ = {isa = PBXFileReference; lastKnownFileType = sourcecode.c.objc; path = DJStack.m; sourceTree = "<group>"; };
		3032ACE32342D9E20033098C /* PrintListFromTail.h */ = {isa = PBXFileReference; lastKnownFileType = sourcecode.c.h; path = PrintListFromTail.h; sourceTree = "<group>"; };
		3032ACE42342D9E20033098C /* PrintListFromTail.m */ = {isa = PBXFileReference; lastKnownFileType = sourcecode.c.objc; path = PrintListFromTail.m; sourceTree = "<group>"; };
		3032ACE62342DA570033098C /* StructureDefine.h */ = {isa = PBXFileReference; lastKnownFileType = sourcecode.c.h; path = StructureDefine.h; sourceTree = "<group>"; };
		3032ACE72342E4440033098C /* PreInOrderRebuildBinaryTree.h */ = {isa = PBXFileReference; lastKnownFileType = sourcecode.c.h; path = PreInOrderRebuildBinaryTree.h; sourceTree = "<group>"; };
		3032ACE82342E4440033098C /* PreInOrderRebuildBinaryTree.m */ = {isa = PBXFileReference; lastKnownFileType = sourcecode.c.objc; path = PreInOrderRebuildBinaryTree.m; sourceTree = "<group>"; };
		3032ACEA23433E7C0033098C /* DJQueue.h */ = {isa = PBXFileReference; lastKnownFileType = sourcecode.c.h; path = DJQueue.h; sourceTree = "<group>"; };
		3032ACEB23433E7C0033098C /* DJQueue.m */ = {isa = PBXFileReference; lastKnownFileType = sourcecode.c.objc; path = DJQueue.m; sourceTree = "<group>"; };
		303933C4236EAAED000A5029 /* CyclePositionInList.h */ = {isa = PBXFileReference; lastKnownFileType = sourcecode.c.h; path = CyclePositionInList.h; sourceTree = "<group>"; };
		303933C5236EAAED000A5029 /* CyclePositionInList.m */ = {isa = PBXFileReference; lastKnownFileType = sourcecode.c.objc; path = CyclePositionInList.m; sourceTree = "<group>"; };
		303AB70E236421D1005495F1 /* CutRopeForGreatestProduct.h */ = {isa = PBXFileReference; lastKnownFileType = sourcecode.c.h; path = CutRopeForGreatestProduct.h; sourceTree = "<group>"; };
		303AB70F236421D1005495F1 /* CutRopeForGreatestProduct.m */ = {isa = PBXFileReference; lastKnownFileType = sourcecode.c.objc; path = CutRopeForGreatestProduct.m; sourceTree = "<group>"; };
		303BA705234B38530060E7C5 /* BinaryDigitalCount.h */ = {isa = PBXFileReference; lastKnownFileType = sourcecode.c.h; path = BinaryDigitalCount.h; sourceTree = "<group>"; };
		303BA706234B38530060E7C5 /* BinaryDigitalCount.m */ = {isa = PBXFileReference; lastKnownFileType = sourcecode.c.objc; path = BinaryDigitalCount.m; sourceTree = "<group>"; };
		303BA708234B7C6E0060E7C5 /* DeleteListNodeInConstantTime.h */ = {isa = PBXFileReference; lastKnownFileType = sourcecode.c.h; path = DeleteListNodeInConstantTime.h; sourceTree = "<group>"; };
		303BA709234B7C6E0060E7C5 /* DeleteListNodeInConstantTime.m */ = {isa = PBXFileReference; lastKnownFileType = sourcecode.c.objc; path = DeleteListNodeInConstantTime.m; sourceTree = "<group>"; };
		3041D8AD2422E343008003F7 /* No4_medianOfTwoSortedArray.h */ = {isa = PBXFileReference; lastKnownFileType = sourcecode.c.h; path = No4_medianOfTwoSortedArray.h; sourceTree = "<group>"; };
		3041D8AE2422E343008003F7 /* No4_medianOfTwoSortedArray.m */ = {isa = PBXFileReference; lastKnownFileType = sourcecode.c.objc; path = No4_medianOfTwoSortedArray.m; sourceTree = "<group>"; };
		3049E72223632C8800411CE8 /* CountSort.h */ = {isa = PBXFileReference; lastKnownFileType = sourcecode.c.h; path = CountSort.h; sourceTree = "<group>"; };
		3049E72323632C8800411CE8 /* CountSort.m */ = {isa = PBXFileReference; lastKnownFileType = sourcecode.c.objc; path = CountSort.m; sourceTree = "<group>"; };
		304C84B52475711E00396841 /* FindKthNumInArray.h */ = {isa = PBXFileReference; lastKnownFileType = sourcecode.c.h; path = FindKthNumInArray.h; sourceTree = "<group>"; };
		304C84B62475711E00396841 /* FindKthNumInArray.m */ = {isa = PBXFileReference; lastKnownFileType = sourcecode.c.objc; path = FindKthNumInArray.m; sourceTree = "<group>"; };
		305B68E62487D08F00CF4D5E /* FindLowestCommonAncestor.h */ = {isa = PBXFileReference; lastKnownFileType = sourcecode.c.h; path = FindLowestCommonAncestor.h; sourceTree = "<group>"; };
		305B68E72487D08F00CF4D5E /* FindLowestCommonAncestor.m */ = {isa = PBXFileReference; lastKnownFileType = sourcecode.c.objc; path = FindLowestCommonAncestor.m; sourceTree = "<group>"; };
		307671052560BD2E00B3BE56 /* No5_LongestPalindromicSubstring.h */ = {isa = PBXFileReference; lastKnownFileType = sourcecode.c.h; path = No5_LongestPalindromicSubstring.h; sourceTree = "<group>"; };
		307671062560BD2E00B3BE56 /* No5_LongestPalindromicSubstring.m */ = {isa = PBXFileReference; lastKnownFileType = sourcecode.c.objc; path = No5_LongestPalindromicSubstring.m; sourceTree = "<group>"; };
		309409A125673C93005C21FD /* No8_StringToInteger.h */ = {isa = PBXFileReference; lastKnownFileType = sourcecode.c.h; path = No8_StringToInteger.h; sourceTree = "<group>"; };
		309409A225673C93005C21FD /* No8_StringToInteger.m */ = {isa = PBXFileReference; lastKnownFileType = sourcecode.c.objc; path = No8_StringToInteger.m; sourceTree = "<group>"; };
		309D4169257BD3600022015A /* FindLongestRepeatedSubString.h */ = {isa = PBXFileReference; lastKnownFileType = sourcecode.c.h; path = FindLongestRepeatedSubString.h; sourceTree = "<group>"; };
		309D416A257BD3600022015A /* FindLongestRepeatedSubString.m */ = {isa = PBXFileReference; lastKnownFileType = sourcecode.c.objc; path = FindLongestRepeatedSubString.m; sourceTree = "<group>"; };
		30CDCB93235DDEA000730607 /* NextNodeInBinaryTree.h */ = {isa = PBXFileReference; lastKnownFileType = sourcecode.c.h; path = NextNodeInBinaryTree.h; sourceTree = "<group>"; };
		30CDCB94235DDEA000730607 /* NextNodeInBinaryTree.m */ = {isa = PBXFileReference; lastKnownFileType = sourcecode.c.objc; path = NextNodeInBinaryTree.m; sourceTree = "<group>"; };
		4332F7E42370153F0080D998 /* FindFirstCommonNode.h */ = {isa = PBXFileReference; lastKnownFileType = sourcecode.c.h; path = FindFirstCommonNode.h; sourceTree = "<group>"; };
		4332F7E52370153F0080D998 /* FindFirstCommonNode.m */ = {isa = PBXFileReference; lastKnownFileType = sourcecode.c.objc; path = FindFirstCommonNode.m; sourceTree = "<group>"; };
		43339EF2234C6B3B005DF1FE /* ReorderOddEven.h */ = {isa = PBXFileReference; lastKnownFileType = sourcecode.c.h; path = ReorderOddEven.h; sourceTree = "<group>"; };
		43339EF3234C6B3B005DF1FE /* ReorderOddEven.m */ = {isa = PBXFileReference; lastKnownFileType = sourcecode.c.objc; path = ReorderOddEven.m; sourceTree = "<group>"; };
		43339EF5234C7CC1005DF1FE /* OutputKthNodeToTail.h */ = {isa = PBXFileReference; lastKnownFileType = sourcecode.c.h; path = OutputKthNodeToTail.h; sourceTree = "<group>"; };
		43339EF6234C7CC1005DF1FE /* OutputKthNodeToTail.m */ = {isa = PBXFileReference; lastKnownFileType = sourcecode.c.objc; path = OutputKthNodeToTail.m; sourceTree = "<group>"; };
		43339EF8234C8888005DF1FE /* ReverseList.h */ = {isa = PBXFileReference; lastKnownFileType = sourcecode.c.h; path = ReverseList.h; sourceTree = "<group>"; };
		43339EF9234C8888005DF1FE /* ReverseList.m */ = {isa = PBXFileReference; lastKnownFileType = sourcecode.c.objc; path = ReverseList.m; sourceTree = "<group>"; };
		433FF32E24F60BFF007629BB /* FindTreePathEqualToAnInteger.h */ = {isa = PBXFileReference; lastKnownFileType = sourcecode.c.h; path = FindTreePathEqualToAnInteger.h; sourceTree = "<group>"; };
		433FF32F24F60BFF007629BB /* FindTreePathEqualToAnInteger.m */ = {isa = PBXFileReference; lastKnownFileType = sourcecode.c.objc; path = FindTreePathEqualToAnInteger.m; sourceTree = "<group>"; };
		4349982B241F871200CB8D3B /* No7_reverseInteger.h */ = {isa = PBXFileReference; lastKnownFileType = sourcecode.c.h; path = No7_reverseInteger.h; sourceTree = "<group>"; };
		4349982C241F871200CB8D3B /* No7_reverseInteger.m */ = {isa = PBXFileReference; lastKnownFileType = sourcecode.c.objc; path = No7_reverseInteger.m; sourceTree = "<group>"; };
		436012EC2558D0C0006AC21D /* RepeatedSubStrPattern.h */ = {isa = PBXFileReference; lastKnownFileType = sourcecode.c.h; path = RepeatedSubStrPattern.h; sourceTree = "<group>"; };
		436012ED2558D0C0006AC21D /* RepeatedSubStrPattern.m */ = {isa = PBXFileReference; lastKnownFileType = sourcecode.c.objc; path = RepeatedSubStrPattern.m; sourceTree = "<group>"; };
		436101DF23AA16A2007ED9BB /* IsSymmetryTree.h */ = {isa = PBXFileReference; lastKnownFileType = sourcecode.c.h; path = IsSymmetryTree.h; sourceTree = "<group>"; };
		436101E023AA16A2007ED9BB /* IsSymmetryTree.m */ = {isa = PBXFileReference; lastKnownFileType = sourcecode.c.objc; path = IsSymmetryTree.m; sourceTree = "<group>"; };
		4361D22B24237C2600FC9B6D /* No2_addTwoNumbers.h */ = {isa = PBXFileReference; lastKnownFileType = sourcecode.c.h; path = No2_addTwoNumbers.h; sourceTree = "<group>"; };
		4361D22C24237C2600FC9B6D /* No2_addTwoNumbers.m */ = {isa = PBXFileReference; lastKnownFileType = sourcecode.c.objc; path = No2_addTwoNumbers.m; sourceTree = "<group>"; };
		4361D230242386FA00FC9B6D /* StructureDefine.m */ = {isa = PBXFileReference; lastKnownFileType = sourcecode.c.objc; path = StructureDefine.m; sourceTree = "<group>"; };
		43706E50242473E20055AF17 /* PrintDefine.h */ = {isa = PBXFileReference; lastKnownFileType = sourcecode.c.h; path = PrintDefine.h; sourceTree = "<group>"; };
		43706E51242473E20055AF17 /* PrintDefine.m */ = {isa = PBXFileReference; lastKnownFileType = sourcecode.c.objc; path = PrintDefine.m; sourceTree = "<group>"; };
		4385BBF724207B100082D834 /* No9_palindromicNumber.h */ = {isa = PBXFileReference; lastKnownFileType = sourcecode.c.h; path = No9_palindromicNumber.h; sourceTree = "<group>"; };
		4385BBF824207B100082D834 /* No9_palindromicNumber.m */ = {isa = PBXFileReference; lastKnownFileType = sourcecode.c.objc; path = No9_palindromicNumber.m; sourceTree = "<group>"; };
		4385BBFA242084CF0082D834 /* No26_deleteDuplicateInOrderedArray.h */ = {isa = PBXFileReference; lastKnownFileType = sourcecode.c.h; path = No26_deleteDuplicateInOrderedArray.h; sourceTree = "<group>"; };
		4385BBFB242084CF0082D834 /* No26_deleteDuplicateInOrderedArray.m */ = {isa = PBXFileReference; lastKnownFileType = sourcecode.c.objc; path = No26_deleteDuplicateInOrderedArray.m; sourceTree = "<group>"; };
		43935493255149DF00A40F52 /* FindMinNumInRotateArray.h */ = {isa = PBXFileReference; lastKnownFileType = sourcecode.c.h; path = FindMinNumInRotateArray.h; sourceTree = "<group>"; };
		43935494255149DF00A40F52 /* FindMinNumInRotateArray.m */ = {isa = PBXFileReference; lastKnownFileType = sourcecode.c.objc; path = FindMinNumInRotateArray.m; sourceTree = "<group>"; };
		43983147256FC7750050B920 /* No28_Implement_strStr.h */ = {isa = PBXFileReference; lastKnownFileType = sourcecode.c.h; path = No28_Implement_strStr.h; sourceTree = "<group>"; };
		43983148256FC7750050B920 /* No28_Implement_strStr.m */ = {isa = PBXFileReference; lastKnownFileType = sourcecode.c.objc; path = No28_Implement_strStr.m; sourceTree = "<group>"; };
		439A4A7D2574863300DDC225 /* FindLongestCommonSubString.h */ = {isa = PBXFileReference; lastKnownFileType = sourcecode.c.h; path = FindLongestCommonSubString.h; sourceTree = "<group>"; };
		439A4A7E2574863300DDC225 /* FindLongestCommonSubString.m */ = {isa = PBXFileReference; lastKnownFileType = sourcecode.c.objc; path = FindLongestCommonSubString.m; sourceTree = "<group>"; };
		439CC35C234DE72D00DDCC42 /* MergeTwoListToOne.h */ = {isa = PBXFileReference; lastKnownFileType = sourcecode.c.h; path = MergeTwoListToOne.h; sourceTree = "<group>"; };
		439CC35D234DE72D00DDCC42 /* MergeTwoListToOne.m */ = {isa = PBXFileReference; lastKnownFileType = sourcecode.c.objc; path = MergeTwoListToOne.m; sourceTree = "<group>"; };
		439CC35F234EC9F900DDCC42 /* HasSubTree.h */ = {isa = PBXFileReference; lastKnownFileType = sourcecode.c.h; path = HasSubTree.h; sourceTree = "<group>"; };
		439CC360234EC9F900DDCC42 /* HasSubTree.m */ = {isa = PBXFileReference; lastKnownFileType = sourcecode.c.objc; path = HasSubTree.m; sourceTree = "<group>"; };
		439D8228244D848200A8DBC2 /* No3_findLongestSubStringWithoutRepeating.h */ = {isa = PBXFileReference; lastKnownFileType = sourcecode.c.h; path = No3_findLongestSubStringWithoutRepeating.h; sourceTree = "<group>"; };
		439D8229244D848200A8DBC2 /* No3_findLongestSubStringWithoutRepeating.m */ = {isa = PBXFileReference; lastKnownFileType = sourcecode.c.objc; path = No3_findLongestSubStringWithoutRepeating.m; sourceTree = "<group>"; };
		439E7D0425691A6D00A040A9 /* No14_LongestCommonPrefixInArray.h */ = {isa = PBXFileReference; lastKnownFileType = sourcecode.c.h; path = No14_LongestCommonPrefixInArray.h; sourceTree = "<group>"; };
		439E7D0525691A6D00A040A9 /* No14_LongestCommonPrefixInArray.m */ = {isa = PBXFileReference; lastKnownFileType = sourcecode.c.objc; path = No14_LongestCommonPrefixInArray.m; sourceTree = "<group>"; };
		43C5390C23507B0E0049445B /* MirrorOfBinaryTree.h */ = {isa = PBXFileReference; lastKnownFileType = sourcecode.c.h; path = MirrorOfBinaryTree.h; sourceTree = "<group>"; };
		43C5390D23507B0E0049445B /* MirrorOfBinaryTree.m */ = {isa = PBXFileReference; lastKnownFileType = sourcecode.c.objc; path = MirrorOfBinaryTree.m; sourceTree = "<group>"; };
		43C5390F235167AC0049445B /* RemoveRepeatListNode.h */ = {isa = PBXFileReference; lastKnownFileType = sourcecode.c.h; path = RemoveRepeatListNode.h; sourceTree = "<group>"; };
		43C53910235167AC0049445B /* RemoveRepeatListNode.m */ = {isa = PBXFileReference; lastKnownFileType = sourcecode.c.objc; path = RemoveRepeatListNode.m; sourceTree = "<group>"; };
		43E5355424FA2CBE000DF579 /* RegexMatch.h */ = {isa = PBXFileReference; lastKnownFileType = sourcecode.c.h; path = RegexMatch.h; sourceTree = "<group>"; };
		43E5355524FA2CBE000DF579 /* RegexMatch.m */ = {isa = PBXFileReference; lastKnownFileType = sourcecode.c.objc; path = RegexMatch.m; sourceTree = "<group>"; };
/* End PBXFileReference section */

/* Begin PBXFrameworksBuildPhase section */
		302CF1D12342328000277761 /* Frameworks */ = {
			isa = PBXFrameworksBuildPhase;
			buildActionMask = 2147483647;
			files = (
			);
			runOnlyForDeploymentPostprocessing = 0;
		};
/* End PBXFrameworksBuildPhase section */

/* Begin PBXGroup section */
		300A4E762353693000B6080E /* List */ = {
			isa = PBXGroup;
			children = (
				303BA708234B7C6E0060E7C5 /* DeleteListNodeInConstantTime.h */,
				303BA709234B7C6E0060E7C5 /* DeleteListNodeInConstantTime.m */,
				43339EF5234C7CC1005DF1FE /* OutputKthNodeToTail.h */,
				43339EF6234C7CC1005DF1FE /* OutputKthNodeToTail.m */,
				43339EF8234C8888005DF1FE /* ReverseList.h */,
				43339EF9234C8888005DF1FE /* ReverseList.m */,
				439CC35C234DE72D00DDCC42 /* MergeTwoListToOne.h */,
				439CC35D234DE72D00DDCC42 /* MergeTwoListToOne.m */,
				43C5390F235167AC0049445B /* RemoveRepeatListNode.h */,
				43C53910235167AC0049445B /* RemoveRepeatListNode.m */,
				303933C4236EAAED000A5029 /* CyclePositionInList.h */,
				303933C5236EAAED000A5029 /* CyclePositionInList.m */,
				4332F7E42370153F0080D998 /* FindFirstCommonNode.h */,
				4332F7E52370153F0080D998 /* FindFirstCommonNode.m */,
			);
			path = List;
			sourceTree = "<group>";
		};
		300A4E772353693000B6080E /* Tree */ = {
			isa = PBXGroup;
			children = (
				439CC35F234EC9F900DDCC42 /* HasSubTree.h */,
				439CC360234EC9F900DDCC42 /* HasSubTree.m */,
				43C5390C23507B0E0049445B /* MirrorOfBinaryTree.h */,
				43C5390D23507B0E0049445B /* MirrorOfBinaryTree.m */,
				30CDCB93235DDEA000730607 /* NextNodeInBinaryTree.h */,
				30CDCB94235DDEA000730607 /* NextNodeInBinaryTree.m */,
				436101DF23AA16A2007ED9BB /* IsSymmetryTree.h */,
				436101E023AA16A2007ED9BB /* IsSymmetryTree.m */,
				305B68E62487D08F00CF4D5E /* FindLowestCommonAncestor.h */,
				305B68E72487D08F00CF4D5E /* FindLowestCommonAncestor.m */,
				433FF32E24F60BFF007629BB /* FindTreePathEqualToAnInteger.h */,
				433FF32F24F60BFF007629BB /* FindTreePathEqualToAnInteger.m */,
			);
			path = Tree;
			sourceTree = "<group>";
		};
		300A4E782353693000B6080E /* Sort */ = {
			isa = PBXGroup;
			children = (
				30315AFB234433C40001ABEB /* QuickSort.h */,
				30315AFC234433C40001ABEB /* QuickSort.m */,
				30315AFE2344F17C0001ABEB /* HeapSort.h */,
				30315AFF2344F17C0001ABEB /* HeapSort.m */,
				302C5A042345DAA500962CCD /* MergeSort.h */,
				302C5A052345DAA500962CCD /* MergeSort.m */,
				3020C5F1234749E30009117B /* SelectSort.h */,
				3020C5F2234749E30009117B /* SelectSort.m */,
				3020C5F423474BCA0009117B /* InsertSort.h */,
				3020C5F523474BCA0009117B /* InsertSort.m */,
				3049E72223632C8800411CE8 /* CountSort.h */,
				3049E72323632C8800411CE8 /* CountSort.m */,
			);
			path = Sort;
			sourceTree = "<group>";
		};
		300A4E79235369DF00B6080E /* Other */ = {
			isa = PBXGroup;
			children = (
				302CF1F12342346C00277761 /* ReplaceBlank.h */,
				302CF1F22342346C00277761 /* ReplaceBlank.m */,
				3021D45A2348355D007EDB4C /* Fibonacci.h */,
				3021D45B2348355D007EDB4C /* Fibonacci.m */,
				303BA705234B38530060E7C5 /* BinaryDigitalCount.h */,
				303BA706234B38530060E7C5 /* BinaryDigitalCount.m */,
				43E5355424FA2CBE000DF579 /* RegexMatch.h */,
				43E5355524FA2CBE000DF579 /* RegexMatch.m */,
			);
			path = Other;
			sourceTree = "<group>";
		};
		30286463235B185500593A13 /* Array */ = {
			isa = PBXGroup;
			children = (
				302CF1F4234234C400277761 /* FindNumIn2DArray.h */,
				302CF1F5234234C400277761 /* FindNumIn2DArray.m */,
				43339EF2234C6B3B005DF1FE /* ReorderOddEven.h */,
				43339EF3234C6B3B005DF1FE /* ReorderOddEven.m */,
				30286460235AE60B00593A13 /* HasPathInMatrix.h */,
				30286461235AE60B00593A13 /* HasPathInMatrix.m */,
				3028646B235B1DC800593A13 /* DuplicateNumInArray.h */,
				3028646C235B1DC800593A13 /* DuplicateNumInArray.m */,
				304C84B52475711E00396841 /* FindKthNumInArray.h */,
				304C84B62475711E00396841 /* FindKthNumInArray.m */,
				43935493255149DF00A40F52 /* FindMinNumInRotateArray.h */,
				43935494255149DF00A40F52 /* FindMinNumInRotateArray.m */,
			);
			path = Array;
			sourceTree = "<group>";
		};
		302CF1CB2342327F00277761 = {
			isa = PBXGroup;
			children = (
				302CF1D62342328000277761 /* DataStructureStudy */,
				302CF1D52342328000277761 /* Products */,
			);
			sourceTree = "<group>";
		};
		302CF1D52342328000277761 /* Products */ = {
			isa = PBXGroup;
			children = (
				302CF1D42342328000277761 /* DataStructureStudy */,
			);
			name = Products;
			sourceTree = "<group>";
		};
		302CF1D62342328000277761 /* DataStructureStudy */ = {
			isa = PBXGroup;
			children = (
				43499827241F7D0E00CB8D3B /* LeetCode */,
				302CF1E82342343800277761 /* Arithmatic */,
				302CF1E92342343800277761 /* CommonTools */,
				302CF1EE2342343800277761 /* DataStucture */,
				302CF1D72342328000277761 /* main.m */,
			);
			path = DataStructureStudy;
			sourceTree = "<group>";
		};
		302CF1E82342343800277761 /* Arithmatic */ = {
			isa = PBXGroup;
			children = (
				436012EB2558D087006AC21D /* String */,
				303AB70D23642138005495F1 /* Dynamic&Greedy */,
				30286463235B185500593A13 /* Array */,
				300A4E79235369DF00B6080E /* Other */,
				300A4E762353693000B6080E /* List */,
				300A4E782353693000B6080E /* Sort */,
				300A4E772353693000B6080E /* Tree */,
			);
			path = Arithmatic;
			sourceTree = "<group>";
		};
		302CF1E92342343800277761 /* CommonTools */ = {
			isa = PBXGroup;
			children = (
				43706E50242473E20055AF17 /* PrintDefine.h */,
				43706E51242473E20055AF17 /* PrintDefine.m */,
				3032ACE62342DA570033098C /* StructureDefine.h */,
				4361D230242386FA00FC9B6D /* StructureDefine.m */,
				3032ACE02342D55A0033098C /* DJStack.h */,
				3032ACE12342D55A0033098C /* DJStack.m */,
				3032ACEA23433E7C0033098C /* DJQueue.h */,
				3032ACEB23433E7C0033098C /* DJQueue.m */,
				302FE68F235BF10600B3C7D4 /* DJHashMap.h */,
				302FE690235BF10600B3C7D4 /* DJHashMap.m */,
			);
			path = CommonTools;
			sourceTree = "<group>";
		};
		302CF1EE2342343800277761 /* DataStucture */ = {
			isa = PBXGroup;
			children = (
				3032ACE32342D9E20033098C /* PrintListFromTail.h */,
				3032ACE42342D9E20033098C /* PrintListFromTail.m */,
				3032ACE72342E4440033098C /* PreInOrderRebuildBinaryTree.h */,
				3032ACE82342E4440033098C /* PreInOrderRebuildBinaryTree.m */,
			);
			path = DataStucture;
			sourceTree = "<group>";
		};
		303AB70D23642138005495F1 /* Dynamic&Greedy */ = {
			isa = PBXGroup;
			children = (
				303AB70E236421D1005495F1 /* CutRopeForGreatestProduct.h */,
				303AB70F236421D1005495F1 /* CutRopeForGreatestProduct.m */,
			);
			path = "Dynamic&Greedy";
			sourceTree = "<group>";
		};
		43499827241F7D0E00CB8D3B /* LeetCode */ = {
			isa = PBXGroup;
			children = (
				4349982B241F871200CB8D3B /* No7_reverseInteger.h */,
				4349982C241F871200CB8D3B /* No7_reverseInteger.m */,
				4385BBF724207B100082D834 /* No9_palindromicNumber.h */,
				4385BBF824207B100082D834 /* No9_palindromicNumber.m */,
				4385BBFA242084CF0082D834 /* No26_deleteDuplicateInOrderedArray.h */,
				4385BBFB242084CF0082D834 /* No26_deleteDuplicateInOrderedArray.m */,
				3041D8AD2422E343008003F7 /* No4_medianOfTwoSortedArray.h */,
				3041D8AE2422E343008003F7 /* No4_medianOfTwoSortedArray.m */,
				4361D22B24237C2600FC9B6D /* No2_addTwoNumbers.h */,
				4361D22C24237C2600FC9B6D /* No2_addTwoNumbers.m */,
				309409A125673C93005C21FD /* No8_StringToInteger.h */,
				309409A225673C93005C21FD /* No8_StringToInteger.m */,
				439E7D0425691A6D00A040A9 /* No14_LongestCommonPrefixInArray.h */,
				439E7D0525691A6D00A040A9 /* No14_LongestCommonPrefixInArray.m */,
				43983147256FC7750050B920 /* No28_Implement_strStr.h */,
				43983148256FC7750050B920 /* No28_Implement_strStr.m */,
			);
			path = LeetCode;
			sourceTree = "<group>";
		};
		436012EB2558D087006AC21D /* String */ = {
			isa = PBXGroup;
			children = (
				307671052560BD2E00B3BE56 /* No5_LongestPalindromicSubstring.h */,
				307671062560BD2E00B3BE56 /* No5_LongestPalindromicSubstring.m */,
				436012EC2558D0C0006AC21D /* RepeatedSubStrPattern.h */,
				436012ED2558D0C0006AC21D /* RepeatedSubStrPattern.m */,
				439A4A7D2574863300DDC225 /* FindLongestCommonSubString.h */,
				439A4A7E2574863300DDC225 /* FindLongestCommonSubString.m */,
				439D8228244D848200A8DBC2 /* No3_findLongestSubStringWithoutRepeating.h */,
				439D8229244D848200A8DBC2 /* No3_findLongestSubStringWithoutRepeating.m */,
				309D4169257BD3600022015A /* FindLongestRepeatedSubString.h */,
				309D416A257BD3600022015A /* FindLongestRepeatedSubString.m */,
			);
			path = String;
			sourceTree = "<group>";
		};
/* End PBXGroup section */

/* Begin PBXNativeTarget section */
		302CF1D32342328000277761 /* DataStructureStudy */ = {
			isa = PBXNativeTarget;
			buildConfigurationList = 302CF1DB2342328000277761 /* Build configuration list for PBXNativeTarget "DataStructureStudy" */;
			buildPhases = (
				302CF1D02342328000277761 /* Sources */,
				302CF1D12342328000277761 /* Frameworks */,
				302CF1D22342328000277761 /* CopyFiles */,
			);
			buildRules = (
			);
			dependencies = (
			);
			name = DataStructureStudy;
			productName = MyStudy;
			productReference = 302CF1D42342328000277761 /* DataStructureStudy */;
			productType = "com.apple.product-type.tool";
		};
/* End PBXNativeTarget section */

/* Begin PBXProject section */
		302CF1CC2342327F00277761 /* Project object */ = {
			isa = PBXProject;
			attributes = {
				LastUpgradeCheck = 0920;
				ORGANIZATIONNAME = jolin;
				TargetAttributes = {
					302CF1D32342328000277761 = {
						CreatedOnToolsVersion = 9.2;
						ProvisioningStyle = Automatic;
					};
				};
			};
			buildConfigurationList = 302CF1CF2342327F00277761 /* Build configuration list for PBXProject "DataStructureStudy" */;
			compatibilityVersion = "Xcode 8.0";
			developmentRegion = en;
			hasScannedForEncodings = 0;
			knownRegions = (
				en,
			);
			mainGroup = 302CF1CB2342327F00277761;
			productRefGroup = 302CF1D52342328000277761 /* Products */;
			projectDirPath = "";
			projectRoot = "";
			targets = (
				302CF1D32342328000277761 /* DataStructureStudy */,
			);
		};
/* End PBXProject section */

/* Begin PBXSourcesBuildPhase section */
		302CF1D02342328000277761 /* Sources */ = {
			isa = PBXSourcesBuildPhase;
			buildActionMask = 2147483647;
			files = (
				4332F7E62370153F0080D998 /* FindFirstCommonNode.m in Sources */,
				303BA70A234B7C6E0060E7C5 /* DeleteListNodeInConstantTime.m in Sources */,
				436012EE2558D0C0006AC21D /* RepeatedSubStrPattern.m in Sources */,
				3028646D235B1DC800593A13 /* DuplicateNumInArray.m in Sources */,
				30CDCB95235DDEA000730607 /* NextNodeInBinaryTree.m in Sources */,
				4361D231242386FA00FC9B6D /* StructureDefine.m in Sources */,
				3021D45C2348355D007EDB4C /* Fibonacci.m in Sources */,
				302C5A062345DAA500962CCD /* MergeSort.m in Sources */,
				43E5355624FA2CBE000DF579 /* RegexMatch.m in Sources */,
				43C5390E23507B0E0049445B /* MirrorOfBinaryTree.m in Sources */,
				305B68E82487D08F00CF4D5E /* FindLowestCommonAncestor.m in Sources */,
				43339EF4234C6B3B005DF1FE /* ReorderOddEven.m in Sources */,
				4385BBFC242084CF0082D834 /* No26_deleteDuplicateInOrderedArray.m in Sources */,
				303933C6236EAAED000A5029 /* CyclePositionInList.m in Sources */,
				3032ACE92342E4440033098C /* PreInOrderRebuildBinaryTree.m in Sources */,
				43935495255149DF00A40F52 /* FindMinNumInRotateArray.m in Sources */,
				3032ACE22342D55A0033098C /* DJStack.m in Sources */,
				309D416B257BD3600022015A /* FindLongestRepeatedSubString.m in Sources */,
				302FE691235BF10600B3C7D4 /* DJHashMap.m in Sources */,
				4349982D241F871200CB8D3B /* No7_reverseInteger.m in Sources */,
				302CF1F6234234C400277761 /* FindNumIn2DArray.m in Sources */,
				4361D22D24237C2600FC9B6D /* No2_addTwoNumbers.m in Sources */,
				433FF33024F60BFF007629BB /* FindTreePathEqualToAnInteger.m in Sources */,
				307671072560BD2E00B3BE56 /* No5_LongestPalindromicSubstring.m in Sources */,
				3020C5F623474BCA0009117B /* InsertSort.m in Sources */,
				3020C5F3234749E30009117B /* SelectSort.m in Sources */,
				439CC35E234DE72D00DDCC42 /* MergeTwoListToOne.m in Sources */,
				3049E72423632C8800411CE8 /* CountSort.m in Sources */,
				436101E123AA16A2007ED9BB /* IsSymmetryTree.m in Sources */,
				303BA707234B38530060E7C5 /* BinaryDigitalCount.m in Sources */,
				30315B002344F17C0001ABEB /* HeapSort.m in Sources */,
				439D822A244D848200A8DBC2 /* No3_findLongestSubStringWithoutRepeating.m in Sources */,
				43706E52242473E20055AF17 /* PrintDefine.m in Sources */,
				30315AFD234433C40001ABEB /* QuickSort.m in Sources */,
				439CC361234EC9F900DDCC42 /* HasSubTree.m in Sources */,
				439E7D0625691A6D00A040A9 /* No14_LongestCommonPrefixInArray.m in Sources */,
				304C84B72475711E00396841 /* FindKthNumInArray.m in Sources */,
				303AB710236421D1005495F1 /* CutRopeForGreatestProduct.m in Sources */,
				302CF1F32342346C00277761 /* ReplaceBlank.m in Sources */,
				43C53911235167AC0049445B /* RemoveRepeatListNode.m in Sources */,
				43983149256FC7750050B920 /* No28_Implement_strStr.m in Sources */,
				302CF1D82342328000277761 /* main.m in Sources */,
				309409A325673C93005C21FD /* No8_StringToInteger.m in Sources */,
				43339EFA234C8888005DF1FE /* ReverseList.m in Sources */,
				3032ACEC23433E7C0033098C /* DJQueue.m in Sources */,
				3032ACE52342D9E20033098C /* PrintListFromTail.m in Sources */,
				30286462235AE60B00593A13 /* HasPathInMatrix.m in Sources */,
				439A4A7F2574863300DDC225 /* FindLongestCommonSubString.m in Sources */,
				43339EF7234C7CC1005DF1FE /* OutputKthNodeToTail.m in Sources */,
				3041D8AF2422E343008003F7 /* No4_medianOfTwoSortedArray.m in Sources */,
				4385BBF924207B100082D834 /* No9_palindromicNumber.m in Sources */,
			);
			runOnlyForDeploymentPostprocessing = 0;
		};
/* End PBXSourcesBuildPhase section */

/* Begin XCBuildConfiguration section */
		302CF1D92342328000277761 /* Debug */ = {
			isa = XCBuildConfiguration;
			buildSettings = {
				ALWAYS_SEARCH_USER_PATHS = NO;
				CLANG_ANALYZER_NONNULL = YES;
				CLANG_ANALYZER_NUMBER_OBJECT_CONVERSION = YES_AGGRESSIVE;
				CLANG_CXX_LANGUAGE_STANDARD = "gnu++14";
				CLANG_CXX_LIBRARY = "libc++";
				CLANG_ENABLE_MODULES = YES;
				CLANG_ENABLE_OBJC_ARC = YES;
				CLANG_WARN_BLOCK_CAPTURE_AUTORELEASING = YES;
				CLANG_WARN_BOOL_CONVERSION = YES;
				CLANG_WARN_COMMA = YES;
				CLANG_WARN_CONSTANT_CONVERSION = YES;
				CLANG_WARN_DIRECT_OBJC_ISA_USAGE = YES_ERROR;
				CLANG_WARN_DOCUMENTATION_COMMENTS = YES;
				CLANG_WARN_EMPTY_BODY = YES;
				CLANG_WARN_ENUM_CONVERSION = YES;
				CLANG_WARN_INFINITE_RECURSION = YES;
				CLANG_WARN_INT_CONVERSION = YES;
				CLANG_WARN_NON_LITERAL_NULL_CONVERSION = YES;
				CLANG_WARN_OBJC_LITERAL_CONVERSION = YES;
				CLANG_WARN_OBJC_ROOT_CLASS = YES_ERROR;
				CLANG_WARN_RANGE_LOOP_ANALYSIS = YES;
				CLANG_WARN_STRICT_PROTOTYPES = YES;
				CLANG_WARN_SUSPICIOUS_MOVE = YES;
				CLANG_WARN_UNGUARDED_AVAILABILITY = YES_AGGRESSIVE;
				CLANG_WARN_UNREACHABLE_CODE = YES;
				CLANG_WARN__DUPLICATE_METHOD_MATCH = YES;
				CODE_SIGN_IDENTITY = "Mac Developer";
				COPY_PHASE_STRIP = NO;
				DEBUG_INFORMATION_FORMAT = dwarf;
				ENABLE_STRICT_OBJC_MSGSEND = YES;
				ENABLE_TESTABILITY = YES;
				GCC_C_LANGUAGE_STANDARD = gnu11;
				GCC_DYNAMIC_NO_PIC = NO;
				GCC_NO_COMMON_BLOCKS = YES;
				GCC_OPTIMIZATION_LEVEL = 0;
				GCC_PREPROCESSOR_DEFINITIONS = (
					"DEBUG=1",
					"$(inherited)",
				);
				GCC_WARN_64_TO_32_BIT_CONVERSION = YES;
				GCC_WARN_ABOUT_RETURN_TYPE = YES_ERROR;
				GCC_WARN_UNDECLARED_SELECTOR = YES;
				GCC_WARN_UNINITIALIZED_AUTOS = YES_AGGRESSIVE;
				GCC_WARN_UNUSED_FUNCTION = YES;
				GCC_WARN_UNUSED_VARIABLE = YES;
				MACOSX_DEPLOYMENT_TARGET = 10.12;
				MTL_ENABLE_DEBUG_INFO = YES;
				ONLY_ACTIVE_ARCH = YES;
				SDKROOT = macosx;
			};
			name = Debug;
		};
		302CF1DA2342328000277761 /* Release */ = {
			isa = XCBuildConfiguration;
			buildSettings = {
				ALWAYS_SEARCH_USER_PATHS = NO;
				CLANG_ANALYZER_NONNULL = YES;
				CLANG_ANALYZER_NUMBER_OBJECT_CONVERSION = YES_AGGRESSIVE;
				CLANG_CXX_LANGUAGE_STANDARD = "gnu++14";
				CLANG_CXX_LIBRARY = "libc++";
				CLANG_ENABLE_MODULES = YES;
				CLANG_ENABLE_OBJC_ARC = YES;
				CLANG_WARN_BLOCK_CAPTURE_AUTORELEASING = YES;
				CLANG_WARN_BOOL_CONVERSION = YES;
				CLANG_WARN_COMMA = YES;
				CLANG_WARN_CONSTANT_CONVERSION = YES;
				CLANG_WARN_DIRECT_OBJC_ISA_USAGE = YES_ERROR;
				CLANG_WARN_DOCUMENTATION_COMMENTS = YES;
				CLANG_WARN_EMPTY_BODY = YES;
				CLANG_WARN_ENUM_CONVERSION = YES;
				CLANG_WARN_INFINITE_RECURSION = YES;
				CLANG_WARN_INT_CONVERSION = YES;
				CLANG_WARN_NON_LITERAL_NULL_CONVERSION = YES;
				CLANG_WARN_OBJC_LITERAL_CONVERSION = YES;
				CLANG_WARN_OBJC_ROOT_CLASS = YES_ERROR;
				CLANG_WARN_RANGE_LOOP_ANALYSIS = YES;
				CLANG_WARN_STRICT_PROTOTYPES = YES;
				CLANG_WARN_SUSPICIOUS_MOVE = YES;
				CLANG_WARN_UNGUARDED_AVAILABILITY = YES_AGGRESSIVE;
				CLANG_WARN_UNREACHABLE_CODE = YES;
				CLANG_WARN__DUPLICATE_METHOD_MATCH = YES;
				CODE_SIGN_IDENTITY = "Mac Developer";
				COPY_PHASE_STRIP = NO;
				DEBUG_INFORMATION_FORMAT = "dwarf-with-dsym";
				ENABLE_NS_ASSERTIONS = NO;
				ENABLE_STRICT_OBJC_MSGSEND = YES;
				GCC_C_LANGUAGE_STANDARD = gnu11;
				GCC_NO_COMMON_BLOCKS = YES;
				GCC_WARN_64_TO_32_BIT_CONVERSION = YES;
				GCC_WARN_ABOUT_RETURN_TYPE = YES_ERROR;
				GCC_WARN_UNDECLARED_SELECTOR = YES;
				GCC_WARN_UNINITIALIZED_AUTOS = YES_AGGRESSIVE;
				GCC_WARN_UNUSED_FUNCTION = YES;
				GCC_WARN_UNUSED_VARIABLE = YES;
				MACOSX_DEPLOYMENT_TARGET = 10.12;
				MTL_ENABLE_DEBUG_INFO = NO;
				SDKROOT = macosx;
			};
			name = Release;
		};
		302CF1DC2342328000277761 /* Debug */ = {
			isa = XCBuildConfiguration;
			buildSettings = {
				CODE_SIGN_IDENTITY = "-";
				CODE_SIGN_STYLE = Automatic;
				DEVELOPMENT_TEAM = "";
				GCC_WARN_UNUSED_VARIABLE = NO;
				PRODUCT_NAME = "$(TARGET_NAME)";
			};
			name = Debug;
		};
		302CF1DD2342328000277761 /* Release */ = {
			isa = XCBuildConfiguration;
			buildSettings = {
				CODE_SIGN_IDENTITY = "-";
				CODE_SIGN_STYLE = Automatic;
				DEVELOPMENT_TEAM = "";
				GCC_WARN_UNUSED_VARIABLE = NO;
				PRODUCT_NAME = "$(TARGET_NAME)";
			};
			name = Release;
		};
/* End XCBuildConfiguration section */

/* Begin XCConfigurationList section */
		302CF1CF2342327F00277761 /* Build configuration list for PBXProject "DataStructureStudy" */ = {
			isa = XCConfigurationList;
			buildConfigurations = (
				302CF1D92342328000277761 /* Debug */,
				302CF1DA2342328000277761 /* Release */,
			);
			defaultConfigurationIsVisible = 0;
			defaultConfigurationName = Release;
		};
		302CF1DB2342328000277761 /* Build configuration list for PBXNativeTarget "DataStructureStudy" */ = {
			isa = XCConfigurationList;
			buildConfigurations = (
				302CF1DC2342328000277761 /* Debug */,
				302CF1DD2342328000277761 /* Release */,
			);
			defaultConfigurationIsVisible = 0;
			defaultConfigurationName = Release;
		};
/* End XCConfigurationList section */
	};
	rootObject = 302CF1CC2342327F00277761 /* Project object */;
}
